{
  "version": 4,
  "terraform_version": "1.7.5",
  "serial": 74,
  "lineage": "2a704057-7b01-c3e8-31ee-22b9b0d9971c",
  "outputs": {},
  "resources": [
    {
      "mode": "managed",
      "type": "google_bigquery_dataset",
      "name": "userdataset",
      "provider": "provider[\"registry.terraform.io/hashicorp/google\"]",
      "instances": [
        {
          "schema_version": 0,
          "attributes": {
            "access": [
              {
                "dataset": [],
                "domain": "",
                "group_by_email": "",
                "iam_member": "",
                "role": "OWNER",
                "routine": [],
                "special_group": "",
                "user_by_email": "ksyservacc@my-second-project-418213.iam.gserviceaccount.com",
                "view": []
              },
              {
                "dataset": [],
                "domain": "",
                "group_by_email": "",
                "iam_member": "",
                "role": "OWNER",
                "routine": [],
                "special_group": "projectOwners",
                "user_by_email": "",
                "view": []
              },
              {
                "dataset": [],
                "domain": "",
                "group_by_email": "",
                "iam_member": "",
                "role": "READER",
                "routine": [],
                "special_group": "projectReaders",
                "user_by_email": "",
                "view": []
              },
              {
                "dataset": [],
                "domain": "",
                "group_by_email": "",
                "iam_member": "",
                "role": "WRITER",
                "routine": [],
                "special_group": "projectWriters",
                "user_by_email": "",
                "view": []
              }
            ],
            "creation_time": 1711293274915,
            "dataset_id": "userdataset",
            "default_collation": "",
            "default_encryption_configuration": [],
            "default_partition_expiration_ms": 0,
            "default_table_expiration_ms": 0,
            "delete_contents_on_destroy": false,
            "description": "",
            "effective_labels": {},
            "etag": "N0fuWYk6BxgpEBJys1YrkA==",
            "friendly_name": "",
            "id": "projects/my-second-project-418213/datasets/userdataset",
            "is_case_insensitive": false,
            "labels": {},
            "last_modified_time": 1711293274915,
            "location": "northamerica-northeast2",
            "max_time_travel_hours": "",
            "project": "my-second-project-418213",
            "self_link": "https://bigquery.googleapis.com/bigquery/v2/projects/my-second-project-418213/datasets/userdataset",
            "storage_billing_model": "",
            "terraform_labels": {},
            "timeouts": null
          },
          "sensitive_attributes": [],
          "private": "eyJlMmJmYjczMC1lY2FhLTExZTYtOGY4OC0zNDM2M2JjN2M0YzAiOnsiY3JlYXRlIjoxMjAwMDAwMDAwMDAwLCJkZWxldGUiOjEyMDAwMDAwMDAwMDAsInVwZGF0ZSI6MTIwMDAwMDAwMDAwMH19"
        }
      ]
    },
    {
      "mode": "managed",
      "type": "google_bigquery_table",
      "name": "user_data",
      "provider": "provider[\"registry.terraform.io/hashicorp/google\"]",
      "instances": [
        {
          "schema_version": 0,
          "attributes": {
            "clustering": null,
            "creation_time": 1711300015881,
            "dataset_id": "userdataset",
            "deletion_protection": false,
            "description": "",
            "effective_labels": {},
            "encryption_configuration": [],
            "etag": "de1EGgpdRw4Tzn6HdB5g4A==",
            "expiration_time": 0,
            "external_data_configuration": [],
            "friendly_name": "",
            "id": "projects/my-second-project-418213/datasets/userdataset/tables/user_data",
            "labels": {},
            "last_modified_time": 1711311124496,
            "location": "northamerica-northeast2",
            "materialized_view": [],
            "max_staleness": "",
            "num_bytes": 1860,
            "num_long_term_bytes": 0,
            "num_rows": 30,
            "project": "my-second-project-418213",
            "range_partitioning": [],
            "require_partition_filter": false,
            "schema": "[{\"name\":\"Name\",\"type\":\"STRING\"},{\"name\":\"Email\",\"type\":\"STRING\"},{\"name\":\"Age\",\"type\":\"STRING\"},{\"name\":\"Gender\",\"type\":\"STRING\"},{\"name\":\"Occupation\",\"type\":\"STRING\"}]",
            "self_link": "https://bigquery.googleapis.com/bigquery/v2/projects/my-second-project-418213/datasets/userdataset/tables/user_data",
            "table_constraints": [],
            "table_id": "user_data",
            "table_replication_info": [],
            "terraform_labels": {},
            "time_partitioning": [],
            "type": "TABLE",
            "view": []
          },
          "sensitive_attributes": [],
          "private": "bnVsbA==",
          "dependencies": [
            "google_bigquery_dataset.userdataset"
          ]
        }
      ]
    },
    {
      "mode": "managed",
      "type": "google_dataflow_job",
      "name": "testjob",
      "provider": "provider[\"registry.terraform.io/hashicorp/google\"]",
      "instances": [
        {
          "schema_version": 1,
          "attributes": {
            "additional_experiments": [],
            "effective_labels": {
              "goog-dataflow-provided-template-name": "gcs_text_to_bigquery",
              "goog-dataflow-provided-template-type": "legacy",
              "goog-dataflow-provided-template-version": "2024-03-06-00_rc00"
            },
            "enable_streaming_engine": null,
            "id": "2024-03-24_13_13_14-6172340004031312292",
            "ip_configuration": null,
            "job_id": "2024-03-24_13_13_14-6172340004031312292",
            "kms_key_name": "",
            "labels": {},
            "machine_type": "",
            "max_workers": null,
            "name": "testjob2",
            "network": "",
            "on_delete": "drain",
            "parameters": {
              "JSONPath": "gs://bkt-df-metadata-chris2/bq.json",
              "bigQueryLoadingTemporaryDirectory": "gs://bkt-df-metadata-chris2/temp_dir",
              "inputFilePattern": "gs://chris-landing-zone2/user.csv",
              "javascriptTextTransformFunctionName": "transform",
              "javascriptTextTransformGcsPath": "gs://bkt-df-metadata-chris2/udf.js",
              "outputTable": "my-second-project-418213:userdataset.user_data"
            },
            "project": "my-second-project-418213",
            "region": "northamerica-northeast2",
            "service_account_email": "",
            "skip_wait_on_job_termination": false,
            "state": "JOB_STATE_RUNNING",
            "subnetwork": null,
            "temp_gcs_location": "gs://bkt-df-metadata-chris2/temp",
            "template_gcs_path": "gs://dataflow-templates/latest/GCS_Text_to_BigQuery",
            "terraform_labels": {},
            "timeouts": null,
            "transform_name_mapping": null,
            "type": "JOB_TYPE_BATCH",
            "zone": null
          },
          "sensitive_attributes": [],
          "private": "eyJlMmJmYjczMC1lY2FhLTExZTYtOGY4OC0zNDM2M2JjN2M0YzAiOnsidXBkYXRlIjo2MDAwMDAwMDAwMDB9LCJzY2hlbWFfdmVyc2lvbiI6IjEifQ=="
        }
      ]
    },
    {
      "mode": "managed",
      "type": "google_storage_bucket",
      "name": "bkt-df-metadata-chris",
      "provider": "provider[\"registry.terraform.io/hashicorp/google\"]",
      "instances": [
        {
          "schema_version": 1,
          "attributes": {
            "autoclass": [],
            "cors": [],
            "custom_placement_config": [],
            "default_event_based_hold": false,
            "effective_labels": {},
            "enable_object_retention": false,
            "encryption": [],
            "force_destroy": true,
            "id": "bkt-df-metadata-chris2",
            "labels": {},
            "lifecycle_rule": [],
            "location": "NORTHAMERICA-NORTHEAST2",
            "logging": [],
            "name": "bkt-df-metadata-chris2",
            "project": "my-second-project-418213",
            "public_access_prevention": "inherited",
            "requester_pays": false,
            "retention_policy": [],
            "rpo": null,
            "self_link": "https://www.googleapis.com/storage/v1/b/bkt-df-metadata-chris2",
            "storage_class": "STANDARD",
            "terraform_labels": {},
            "timeouts": null,
            "uniform_bucket_level_access": false,
            "url": "gs://bkt-df-metadata-chris2",
            "versioning": [],
            "website": []
          },
          "sensitive_attributes": [],
          "private": "eyJlMmJmYjczMC1lY2FhLTExZTYtOGY4OC0zNDM2M2JjN2M0YzAiOnsiY3JlYXRlIjo2MDAwMDAwMDAwMDAsInJlYWQiOjI0MDAwMDAwMDAwMCwidXBkYXRlIjoyNDAwMDAwMDAwMDB9LCJzY2hlbWFfdmVyc2lvbiI6IjEifQ=="
        }
      ]
    },
    {
      "mode": "managed",
      "type": "google_storage_bucket",
      "name": "chris-landing-zone",
      "provider": "provider[\"registry.terraform.io/hashicorp/google\"]",
      "instances": [
        {
          "schema_version": 1,
          "attributes": {
            "autoclass": [],
            "cors": [],
            "custom_placement_config": [],
            "default_event_based_hold": false,
            "effective_labels": {},
            "enable_object_retention": false,
            "encryption": [],
            "force_destroy": true,
            "id": "chris-landing-zone2",
            "labels": {},
            "lifecycle_rule": [],
            "location": "NORTHAMERICA-NORTHEAST2",
            "logging": [],
            "name": "chris-landing-zone2",
            "project": "my-second-project-418213",
            "public_access_prevention": "inherited",
            "requester_pays": false,
            "retention_policy": [],
            "rpo": null,
            "self_link": "https://www.googleapis.com/storage/v1/b/chris-landing-zone2",
            "storage_class": "STANDARD",
            "terraform_labels": {},
            "timeouts": null,
            "uniform_bucket_level_access": false,
            "url": "gs://chris-landing-zone2",
            "versioning": [],
            "website": []
          },
          "sensitive_attributes": [],
          "private": "eyJlMmJmYjczMC1lY2FhLTExZTYtOGY4OC0zNDM2M2JjN2M0YzAiOnsiY3JlYXRlIjo2MDAwMDAwMDAwMDAsInJlYWQiOjI0MDAwMDAwMDAwMCwidXBkYXRlIjoyNDAwMDAwMDAwMDB9LCJzY2hlbWFfdmVyc2lvbiI6IjEifQ=="
        }
      ]
    },
    {
      "mode": "managed",
      "type": "google_storage_bucket",
      "name": "function_bucket",
      "provider": "provider[\"registry.terraform.io/hashicorp/google\"]",
      "instances": [
        {
          "schema_version": 1,
          "attributes": {
            "autoclass": [],
            "cors": [],
            "custom_placement_config": [],
            "default_event_based_hold": false,
            "effective_labels": {},
            "enable_object_retention": false,
            "encryption": [],
            "force_destroy": false,
            "id": "function-bucket-chris",
            "labels": {},
            "lifecycle_rule": [],
            "location": "NORTHAMERICA-NORTHEAST2",
            "logging": [],
            "name": "function-bucket-chris",
            "project": "my-second-project-418213",
            "public_access_prevention": "inherited",
            "requester_pays": false,
            "retention_policy": [],
            "rpo": null,
            "self_link": "https://www.googleapis.com/storage/v1/b/function-bucket-chris",
            "storage_class": "STANDARD",
            "terraform_labels": {},
            "timeouts": null,
            "uniform_bucket_level_access": false,
            "url": "gs://function-bucket-chris",
            "versioning": [],
            "website": []
          },
          "sensitive_attributes": [],
          "private": "eyJlMmJmYjczMC1lY2FhLTExZTYtOGY4OC0zNDM2M2JjN2M0YzAiOnsiY3JlYXRlIjo2MDAwMDAwMDAwMDAsInJlYWQiOjI0MDAwMDAwMDAwMCwidXBkYXRlIjoyNDAwMDAwMDAwMDB9LCJzY2hlbWFfdmVyc2lvbiI6IjEifQ=="
        }
      ]
    },
    {
      "mode": "managed",
      "type": "google_storage_bucket_object",
      "name": "bq_json",
      "provider": "provider[\"registry.terraform.io/hashicorp/google\"]",
      "instances": [
        {
          "schema_version": 0,
          "attributes": {
            "bucket": "bkt-df-metadata-chris2",
            "cache_control": "",
            "content": null,
            "content_disposition": "",
            "content_encoding": "",
            "content_language": "",
            "content_type": "text/plain; charset=utf-8",
            "crc32c": "AcD5xg==",
            "customer_encryption": [],
            "detect_md5hash": "73asMTWN0mZi7nJEiYCjZA==",
            "event_based_hold": false,
            "id": "bkt-df-metadata-chris2-bq.json",
            "kms_key_name": "",
            "md5hash": "73asMTWN0mZi7nJEiYCjZA==",
            "media_link": "https://storage.googleapis.com/download/storage/v1/b/bkt-df-metadata-chris2/o/bq.json?generation=1711291946369880\u0026alt=media",
            "metadata": {},
            "name": "bq.json",
            "output_name": "bq.json",
            "retention": [],
            "self_link": "https://www.googleapis.com/storage/v1/b/bkt-df-metadata-chris2/o/bq.json",
            "source": "C:\\MyPrograms\\GCP\\BigQuery\\GCS_TO_BQ\\bq.json",
            "storage_class": "STANDARD",
            "temporary_hold": false,
            "timeouts": null
          },
          "sensitive_attributes": [],
          "private": "eyJlMmJmYjczMC1lY2FhLTExZTYtOGY4OC0zNDM2M2JjN2M0YzAiOnsiY3JlYXRlIjoyNDAwMDAwMDAwMDAsImRlbGV0ZSI6MjQwMDAwMDAwMDAwLCJ1cGRhdGUiOjI0MDAwMDAwMDAwMH19",
          "dependencies": [
            "google_storage_bucket.bkt-df-metadata-chris"
          ]
        }
      ]
    },
    {
      "mode": "managed",
      "type": "google_storage_bucket_object",
      "name": "function_code",
      "provider": "provider[\"registry.terraform.io/hashicorp/google\"]",
      "instances": [
        {
          "schema_version": 0,
          "attributes": {
            "bucket": "function-bucket-chris",
            "cache_control": "",
            "content": null,
            "content_disposition": "",
            "content_encoding": "",
            "content_language": "",
            "content_type": "text/plain; charset=utf-8",
            "crc32c": "ajhzTw==",
            "customer_encryption": [],
            "detect_md5hash": "CfmmMbQ93Urh8LorW0a7nA==",
            "event_based_hold": false,
            "id": "function-bucket-chris-function_code.py",
            "kms_key_name": "",
            "md5hash": "CfmmMbQ93Urh8LorW0a7nA==",
            "media_link": "https://storage.googleapis.com/download/storage/v1/b/function-bucket-chris/o/function_code.py?generation=1711310763229758\u0026alt=media",
            "metadata": {},
            "name": "function_code.py",
            "output_name": "function_code.py",
            "retention": [],
            "self_link": "https://www.googleapis.com/storage/v1/b/function-bucket-chris/o/function_code.py",
            "source": "C:\\MyPrograms\\GCP\\BigQuery\\GCS_TO_BQ\\function\\function_code.py",
            "storage_class": "STANDARD",
            "temporary_hold": false,
            "timeouts": null
          },
          "sensitive_attributes": [],
          "private": "eyJlMmJmYjczMC1lY2FhLTExZTYtOGY4OC0zNDM2M2JjN2M0YzAiOnsiY3JlYXRlIjoyNDAwMDAwMDAwMDAsImRlbGV0ZSI6MjQwMDAwMDAwMDAwLCJ1cGRhdGUiOjI0MDAwMDAwMDAwMH19",
          "dependencies": [
            "google_storage_bucket.function_bucket"
          ]
        }
      ]
    },
    {
      "mode": "managed",
      "type": "google_storage_bucket_object",
      "name": "requirements_txt",
      "provider": "provider[\"registry.terraform.io/hashicorp/google\"]",
      "instances": [
        {
          "schema_version": 0,
          "attributes": {
            "bucket": "function-bucket-chris",
            "cache_control": "",
            "content": null,
            "content_disposition": "",
            "content_encoding": "",
            "content_language": "",
            "content_type": "text/plain; charset=utf-8",
            "crc32c": "e2D7Mg==",
            "customer_encryption": [],
            "detect_md5hash": "nhW1SgN/8dvdK75JBA5MxQ==",
            "event_based_hold": false,
            "id": "function-bucket-chris-requirements.txt",
            "kms_key_name": "",
            "md5hash": "nhW1SgN/8dvdK75JBA5MxQ==",
            "media_link": "https://storage.googleapis.com/download/storage/v1/b/function-bucket-chris/o/requirements.txt?generation=1711310763229416\u0026alt=media",
            "metadata": {},
            "name": "requirements.txt",
            "output_name": "requirements.txt",
            "retention": [],
            "self_link": "https://www.googleapis.com/storage/v1/b/function-bucket-chris/o/requirements.txt",
            "source": "C:\\MyPrograms\\GCP\\BigQuery\\GCS_TO_BQ\\function\\requirements.txt",
            "storage_class": "STANDARD",
            "temporary_hold": false,
            "timeouts": null
          },
          "sensitive_attributes": [],
          "private": "eyJlMmJmYjczMC1lY2FhLTExZTYtOGY4OC0zNDM2M2JjN2M0YzAiOnsiY3JlYXRlIjoyNDAwMDAwMDAwMDAsImRlbGV0ZSI6MjQwMDAwMDAwMDAwLCJ1cGRhdGUiOjI0MDAwMDAwMDAwMH19",
          "dependencies": [
            "google_storage_bucket.function_bucket"
          ]
        }
      ]
    },
    {
      "mode": "managed",
      "type": "google_storage_bucket_object",
      "name": "udf_js",
      "provider": "provider[\"registry.terraform.io/hashicorp/google\"]",
      "instances": [
        {
          "schema_version": 0,
          "attributes": {
            "bucket": "bkt-df-metadata-chris2",
            "cache_control": "",
            "content": null,
            "content_disposition": "",
            "content_encoding": "",
            "content_language": "",
            "content_type": "text/plain; charset=utf-8",
            "crc32c": "kxGGNg==",
            "customer_encryption": [],
            "detect_md5hash": "RQWmyh8HO+2H+lGeomsdYA==",
            "event_based_hold": false,
            "id": "bkt-df-metadata-chris2-udf.js",
            "kms_key_name": "",
            "md5hash": "RQWmyh8HO+2H+lGeomsdYA==",
            "media_link": "https://storage.googleapis.com/download/storage/v1/b/bkt-df-metadata-chris2/o/udf.js?generation=1711291942476506\u0026alt=media",
            "metadata": {},
            "name": "udf.js",
            "output_name": "udf.js",
            "retention": [],
            "self_link": "https://www.googleapis.com/storage/v1/b/bkt-df-metadata-chris2/o/udf.js",
            "source": "C:\\MyPrograms\\GCP\\BigQuery\\GCS_TO_BQ\\udf.js",
            "storage_class": "STANDARD",
            "temporary_hold": false,
            "timeouts": null
          },
          "sensitive_attributes": [],
          "private": "eyJlMmJmYjczMC1lY2FhLTExZTYtOGY4OC0zNDM2M2JjN2M0YzAiOnsiY3JlYXRlIjoyNDAwMDAwMDAwMDAsImRlbGV0ZSI6MjQwMDAwMDAwMDAwLCJ1cGRhdGUiOjI0MDAwMDAwMDAwMH19",
          "dependencies": [
            "google_storage_bucket.bkt-df-metadata-chris"
          ]
        }
      ]
    },
    {
      "mode": "managed",
      "type": "google_storage_bucket_object",
      "name": "user_csv",
      "provider": "provider[\"registry.terraform.io/hashicorp/google\"]",
      "instances": [
        {
          "schema_version": 0,
          "attributes": {
            "bucket": "chris-landing-zone2",
            "cache_control": "",
            "content": null,
            "content_disposition": "",
            "content_encoding": "",
            "content_language": "",
            "content_type": "text/plain; charset=utf-8",
            "crc32c": "9N9hlA==",
            "customer_encryption": [],
            "detect_md5hash": "MXfAq1+Z6/Qfe+35x071qg==",
            "event_based_hold": false,
            "id": "chris-landing-zone2-user.csv",
            "kms_key_name": "",
            "md5hash": "MXfAq1+Z6/Qfe+35x071qg==",
            "media_link": "https://storage.googleapis.com/download/storage/v1/b/chris-landing-zone2/o/user.csv?generation=1711291938421976\u0026alt=media",
            "metadata": {},
            "name": "user.csv",
            "output_name": "user.csv",
            "retention": [],
            "self_link": "https://www.googleapis.com/storage/v1/b/chris-landing-zone2/o/user.csv",
            "source": "C:\\MyPrograms\\GCP\\BigQuery\\GCS_TO_BQ\\user.csv",
            "storage_class": "STANDARD",
            "temporary_hold": false,
            "timeouts": null
          },
          "sensitive_attributes": [],
          "private": "eyJlMmJmYjczMC1lY2FhLTExZTYtOGY4OC0zNDM2M2JjN2M0YzAiOnsiY3JlYXRlIjoyNDAwMDAwMDAwMDAsImRlbGV0ZSI6MjQwMDAwMDAwMDAwLCJ1cGRhdGUiOjI0MDAwMDAwMDAwMH19",
          "dependencies": [
            "google_storage_bucket.chris-landing-zone"
          ]
        }
      ]
    }
  ],
  "check_results": null
}
